
Microsoft Visual Studio Solution File, Format Version 12.00
# Visual Studio Version 17
VisualStudioVersion = 17.5.001.0
MinimumVisualStudioVersion = 10.0.40219.1
Project("{9A19103F-16F7-4668-BE54-9A1E7A4F7556}") = "Ders_8", "Ders_8.csproj", "{F1311E5D-263E-4E56-8AFB-F07100BAFD66}"
EndProject
Global
	GlobalSection(SolutionConfigurationPlatforms) = preSolution
		Debug|Any CPU = Debug|Any CPU
		Release|Any CPU = Release|Any CPU
	EndGlobalSection
	GlobalSection(ProjectConfigurationPlatforms) = postSolution
		{F1311E5D-263E-4E56-8AFB-F07100BAFD66}.Debug|Any CPU.ActiveCfg = Debug|Any CPU
		{F1311E5D-263E-4E56-8AFB-F07100BAFD66}.Debug|Any CPU.Build.0 = Debug|Any CPU
		{F1311E5D-263E-4E56-8AFB-F07100BAFD66}.Release|Any CPU.ActiveCfg = Release|Any CPU
		{F1311E5D-263E-4E56-8AFB-F07100BAFD66}.Release|Any CPU.Build.0 = Release|Any CPU
	EndGlobalSection
	GlobalSection(SolutionProperties) = preSolution
		HideSolutionNode = FALSE
	EndGlobalSection
	GlobalSection(ExtensibilityGlobals) = postSolution
		SolutionGuid = {DBCA2087-A550-4791-A6E5-7EDA76F46BF8}
	EndGlobalSection
EndGlobal
