
Microsoft Visual Studio Solution File, Format Version 12.00
# Visual Studio Version 17
VisualStudioVersion = 17.5.001.0
MinimumVisualStudioVersion = 10.0.40219.1
Project("{9A19103F-16F7-4668-BE54-9A1E7A4F7556}") = "Ders_10", "Ders_10.csproj", "{E0CEF4BC-2B51-49CC-814C-ADE2C02CFA12}"
EndProject
Global
	GlobalSection(SolutionConfigurationPlatforms) = preSolution
		Debug|Any CPU = Debug|Any CPU
		Release|Any CPU = Release|Any CPU
	EndGlobalSection
	GlobalSection(ProjectConfigurationPlatforms) = postSolution
		{E0CEF4BC-2B51-49CC-814C-ADE2C02CFA12}.Debug|Any CPU.ActiveCfg = Debug|Any CPU
		{E0CEF4BC-2B51-49CC-814C-ADE2C02CFA12}.Debug|Any CPU.Build.0 = Debug|Any CPU
		{E0CEF4BC-2B51-49CC-814C-ADE2C02CFA12}.Release|Any CPU.ActiveCfg = Release|Any CPU
		{E0CEF4BC-2B51-49CC-814C-ADE2C02CFA12}.Release|Any CPU.Build.0 = Release|Any CPU
	EndGlobalSection
	GlobalSection(SolutionProperties) = preSolution
		HideSolutionNode = FALSE
	EndGlobalSection
	GlobalSection(ExtensibilityGlobals) = postSolution
		SolutionGuid = {ED69F247-6E6D-43D7-91A1-078B526E043A}
	EndGlobalSection
EndGlobal
