
Microsoft Visual Studio Solution File, Format Version 12.00
# Visual Studio Version 17
VisualStudioVersion = 17.5.001.0
MinimumVisualStudioVersion = 10.0.40219.1
Project("{9A19103F-16F7-4668-BE54-9A1E7A4F7556}") = "Ders_5", "Ders_5.csproj", "{E6C895AC-9F34-4BDB-B32D-187CB488FB52}"
EndProject
Global
	GlobalSection(SolutionConfigurationPlatforms) = preSolution
		Debug|Any CPU = Debug|Any CPU
		Release|Any CPU = Release|Any CPU
	EndGlobalSection
	GlobalSection(ProjectConfigurationPlatforms) = postSolution
		{E6C895AC-9F34-4BDB-B32D-187CB488FB52}.Debug|Any CPU.ActiveCfg = Debug|Any CPU
		{E6C895AC-9F34-4BDB-B32D-187CB488FB52}.Debug|Any CPU.Build.0 = Debug|Any CPU
		{E6C895AC-9F34-4BDB-B32D-187CB488FB52}.Release|Any CPU.ActiveCfg = Release|Any CPU
		{E6C895AC-9F34-4BDB-B32D-187CB488FB52}.Release|Any CPU.Build.0 = Release|Any CPU
	EndGlobalSection
	GlobalSection(SolutionProperties) = preSolution
		HideSolutionNode = FALSE
	EndGlobalSection
	GlobalSection(ExtensibilityGlobals) = postSolution
		SolutionGuid = {39BBDF30-4890-4770-B4EA-C93F23D19612}
	EndGlobalSection
EndGlobal
